
Microsoft Visual Studio Solution File, Format Version 12.00
# Visual Studio Version 16
VisualStudioVersion = 16.0.31613.86
MinimumVisualStudioVersion = 10.0.40219.1
Project("{FAE04EC0-301F-11D3-BF4B-00C04F79EFBC}") = "csharp-console-mailbot", "csharp-console-mailbot\csharp-console-mailbot.csproj", "{FA53B745-F7B8-4689-BF8B-A040C48CF258}"
EndProject
Global
	GlobalSection(SolutionConfigurationPlatforms) = preSolution
		Debug|Any CPU = Debug|Any CPU
		Release|Any CPU = Release|Any CPU
	EndGlobalSection
	GlobalSection(ProjectConfigurationPlatforms) = postSolution
		{FA53B745-F7B8-4689-BF8B-A040C48CF258}.Debug|Any CPU.ActiveCfg = Debug|Any CPU
		{FA53B745-F7B8-4689-BF8B-A040C48CF258}.Debug|Any CPU.Build.0 = Debug|Any CPU
		{FA53B745-F7B8-4689-BF8B-A040C48CF258}.Release|Any CPU.ActiveCfg = Release|Any CPU
		{FA53B745-F7B8-4689-BF8B-A040C48CF258}.Release|Any CPU.Build.0 = Release|Any CPU
	EndGlobalSection
	GlobalSection(SolutionProperties) = preSolution
		HideSolutionNode = FALSE
	EndGlobalSection
	GlobalSection(ExtensibilityGlobals) = postSolution
		SolutionGuid = {E66D3FB9-0977-4043-9BE2-1D36754F625E}
	EndGlobalSection
EndGlobal
